{
  "pins" : [
    {
      "identity" : "analytics-swift-flush-fix",
      "kind" : "remoteSourceControl",
      "location" : "https://github.com/reveri-health/analytics-swift-flush-fix",
      "state" : {
        "branch" : "bsneed/operatingMode",
        "revision" : "1e91157c204caef06e18086aa7f52e872fadf8da"
      }
    },
    {
      "identity" : "sovran-swift",
      "kind" : "remoteSourceControl",
      "location" : "https://github.com/segmentio/Sovran-Swift.git",
      "state" : {
        "revision" : "64f3b5150c282a34af4578188dce2fd597e600e3",
        "version" : "1.1.0"
      }
    }
  ],
  "version" : 2
}
